{
  "name": "kanbanboard",
  "lockfileVersion": 3,
  "requires": true,
  "packages": {
    "": {
      "devDependencies": {
        "case-sensitive-paths-webpack-plugin": "^2.4.0"
      }
    },
    "node_modules/case-sensitive-paths-webpack-plugin": {
      "version": "2.4.0",
      "resolved": "https://registry.npmjs.org/case-sensitive-paths-webpack-plugin/-/case-sensitive-paths-webpack-plugin-2.4.0.tgz",
      "integrity": "sha512-roIFONhcxog0JSSWbvVAh3OocukmSgpqOH6YpMkCvav/ySIV3JKg4Dc8vYtQjYi/UxpNE36r/9v+VqTQqgkYmw==",
      "dev": true,
      "engines": {
        "node": ">=4"
      }
    }
  }
}
